
Microsoft Visual Studio Solution File, Format Version 12.00
# Visual Studio Version 16
VisualStudioVersion = 16.0.31025.218
MinimumVisualStudioVersion = 10.0.40219.1
Project("{9A19103F-16F7-4668-BE54-9A1E7A4F7556}") = "FormGenerator", "FormGenerator\FormGenerator.csproj", "{4F29A84B-5680-47B7-81D1-0A015B169480}"
	ProjectSection(ProjectDependencies) = postProject
		{C0452E21-602F-4A16-A128-CC4A3CB548D5} = {C0452E21-602F-4A16-A128-CC4A3CB548D5}
	EndProjectSection
EndProject
Project("{9A19103F-16F7-4668-BE54-9A1E7A4F7556}") = "PricePredictionML.Model", "..\PricePredictionML.Model\PricePredictionML.Model.csproj", "{C0452E21-602F-4A16-A128-CC4A3CB548D5}"
EndProject
Global
	GlobalSection(SolutionConfigurationPlatforms) = preSolution
		Debug|Any CPU = Debug|Any CPU
		Release|Any CPU = Release|Any CPU
	EndGlobalSection
	GlobalSection(ProjectConfigurationPlatforms) = postSolution
		{4F29A84B-5680-47B7-81D1-0A015B169480}.Debug|Any CPU.ActiveCfg = Debug|Any CPU
		{4F29A84B-5680-47B7-81D1-0A015B169480}.Debug|Any CPU.Build.0 = Debug|Any CPU
		{4F29A84B-5680-47B7-81D1-0A015B169480}.Release|Any CPU.ActiveCfg = Release|Any CPU
		{4F29A84B-5680-47B7-81D1-0A015B169480}.Release|Any CPU.Build.0 = Release|Any CPU
		{C0452E21-602F-4A16-A128-CC4A3CB548D5}.Debug|Any CPU.ActiveCfg = Debug|Any CPU
		{C0452E21-602F-4A16-A128-CC4A3CB548D5}.Debug|Any CPU.Build.0 = Debug|Any CPU
		{C0452E21-602F-4A16-A128-CC4A3CB548D5}.Release|Any CPU.ActiveCfg = Release|Any CPU
		{C0452E21-602F-4A16-A128-CC4A3CB548D5}.Release|Any CPU.Build.0 = Release|Any CPU
	EndGlobalSection
	GlobalSection(SolutionProperties) = preSolution
		HideSolutionNode = FALSE
	EndGlobalSection
	GlobalSection(ExtensibilityGlobals) = postSolution
		SolutionGuid = {8D0A793E-F08A-4DE3-BC27-D1C45E4140F6}
	EndGlobalSection
EndGlobal
